
Microsoft Visual Studio Solution File, Format Version 12.00
# Visual Studio Version 17
VisualStudioVersion = 17.0.31903.59
MinimumVisualStudioVersion = 10.0.40219.1
Project("{FAE04EC0-301F-11D3-BF4B-00C04F79EFBC}") = "rpi-data", "rpi-data\rpi-data.csproj", "{8BAAC296-7535-4821-8C21-9955A8B1C682}"
EndProject
Project("{FAE04EC0-301F-11D3-BF4B-00C04F79EFBC}") = "MainService", "main-service\MainService.csproj", "{CD57DB0D-726D-402A-8FFB-EF68610D348B}"
EndProject
Project("{FAE04EC0-301F-11D3-BF4B-00C04F79EFBC}") = "shared-data", "shared-data\shared-data.csproj", "{6E525446-5FF4-461A-A825-5B80D9C82187}"
EndProject
Global
	GlobalSection(SolutionConfigurationPlatforms) = preSolution
		Debug|Any CPU = Debug|Any CPU
		Release|Any CPU = Release|Any CPU
	EndGlobalSection
	GlobalSection(SolutionProperties) = preSolution
		HideSolutionNode = FALSE
	EndGlobalSection
	GlobalSection(ProjectConfigurationPlatforms) = postSolution
		{8BAAC296-7535-4821-8C21-9955A8B1C682}.Debug|Any CPU.ActiveCfg = Debug|Any CPU
		{8BAAC296-7535-4821-8C21-9955A8B1C682}.Debug|Any CPU.Build.0 = Debug|Any CPU
		{8BAAC296-7535-4821-8C21-9955A8B1C682}.Release|Any CPU.ActiveCfg = Release|Any CPU
		{8BAAC296-7535-4821-8C21-9955A8B1C682}.Release|Any CPU.Build.0 = Release|Any CPU
		{CD57DB0D-726D-402A-8FFB-EF68610D348B}.Debug|Any CPU.ActiveCfg = Debug|Any CPU
		{CD57DB0D-726D-402A-8FFB-EF68610D348B}.Debug|Any CPU.Build.0 = Debug|Any CPU
		{CD57DB0D-726D-402A-8FFB-EF68610D348B}.Release|Any CPU.ActiveCfg = Release|Any CPU
		{CD57DB0D-726D-402A-8FFB-EF68610D348B}.Release|Any CPU.Build.0 = Release|Any CPU
		{6E525446-5FF4-461A-A825-5B80D9C82187}.Debug|Any CPU.ActiveCfg = Debug|Any CPU
		{6E525446-5FF4-461A-A825-5B80D9C82187}.Debug|Any CPU.Build.0 = Debug|Any CPU
		{6E525446-5FF4-461A-A825-5B80D9C82187}.Release|Any CPU.ActiveCfg = Release|Any CPU
		{6E525446-5FF4-461A-A825-5B80D9C82187}.Release|Any CPU.Build.0 = Release|Any CPU
	EndGlobalSection
EndGlobal
