
Microsoft Visual Studio Solution File, Format Version 12.00
# Visual Studio Version 17
VisualStudioVersion = 17.0.31903.59
MinimumVisualStudioVersion = 10.0.40219.1
Project("{9A19103F-16F7-4668-BE54-9A1E7A4F7556}") = "Shared", "GardenOS.Shared\Shared.csproj", "{ABC6C8CC-83CE-4AE5-94B7-313DAE11BD9D}"
EndProject
Project("{FAE04EC0-301F-11D3-BF4B-00C04F79EFBC}") = "API", "GardenOS.API\API.csproj", "{D18CE9FA-AD2A-4191-B478-77EB1BC6D593}"
EndProject
Global
	GlobalSection(SolutionConfigurationPlatforms) = preSolution
		Debug|Any CPU = Debug|Any CPU
		Release|Any CPU = Release|Any CPU
	EndGlobalSection
	GlobalSection(ProjectConfigurationPlatforms) = postSolution
		{ABC6C8CC-83CE-4AE5-94B7-313DAE11BD9D}.Debug|Any CPU.ActiveCfg = Debug|Any CPU
		{ABC6C8CC-83CE-4AE5-94B7-313DAE11BD9D}.Debug|Any CPU.Build.0 = Debug|Any CPU
		{ABC6C8CC-83CE-4AE5-94B7-313DAE11BD9D}.Release|Any CPU.ActiveCfg = Release|Any CPU
		{ABC6C8CC-83CE-4AE5-94B7-313DAE11BD9D}.Release|Any CPU.Build.0 = Release|Any CPU
		{D18CE9FA-AD2A-4191-B478-77EB1BC6D593}.Debug|Any CPU.ActiveCfg = Debug|Any CPU
		{D18CE9FA-AD2A-4191-B478-77EB1BC6D593}.Debug|Any CPU.Build.0 = Debug|Any CPU
		{D18CE9FA-AD2A-4191-B478-77EB1BC6D593}.Release|Any CPU.ActiveCfg = Release|Any CPU
		{D18CE9FA-AD2A-4191-B478-77EB1BC6D593}.Release|Any CPU.Build.0 = Release|Any CPU
	EndGlobalSection
	GlobalSection(SolutionProperties) = preSolution
		HideSolutionNode = FALSE
	EndGlobalSection
EndGlobal
